// !$*UTF8*$!
{
	archiveVersion = 1;
	classes = {
	};
	objectVersion = 46;
	objects = {

/* Begin PBXBuildFile section */
		7600C04818EE9EE900101286 /* bg_01.jpg in Resources */ = {isa = PBXBuildFile; fileRef = 7600C03E18EE9EE900101286 /* bg_01.jpg */; };
		7600C04918EE9EE900101286 /* bg_02.jpg in Resources */ = {isa = PBXBuildFile; fileRef = 7600C03F18EE9EE900101286 /* bg_02.jpg */; };
		7600C04A18EE9EE900101286 /* bg_03.jpg in Resources */ = {isa = PBXBuildFile; fileRef = 7600C04018EE9EE900101286 /* bg_03.jpg */; };
		7600C04B18EE9EE900101286 /* bg_04.jpg in Resources */ = {isa = PBXBuildFile; fileRef = 7600C04118EE9EE900101286 /* bg_04.jpg */; };
		7600C04C18EE9EE900101286 /* bg_05.jpg in Resources */ = {isa = PBXBuildFile; fileRef = 7600C04218EE9EE900101286 /* bg_05.jpg */; };
		7600C04D18EE9EE900101286 /* title1@2x.png in Resources */ = {isa = PBXBuildFile; fileRef = 7600C04318EE9EE900101286 /* title1@2x.png */; };
		7600C04E18EE9EE900101286 /* title2@2x.png in Resources */ = {isa = PBXBuildFile; fileRef = 7600C04418EE9EE900101286 /* title2@2x.png */; };
		7600C04F18EE9EE900101286 /* title3@2x.png in Resources */ = {isa = PBXBuildFile; fileRef = 7600C04518EE9EE900101286 /* title3@2x.png */; };
		7600C05018EE9EE900101286 /* title4@2x.png in Resources */ = {isa = PBXBuildFile; fileRef = 7600C04618EE9EE900101286 /* title4@2x.png */; };
		7600C05118EE9EE900101286 /* title5@2x.png in Resources */ = {isa = PBXBuildFile; fileRef = 7600C04718EE9EE900101286 /* title5@2x.png */; };
		7600C05A18EEA6AD00101286 /* ViewControllerMuscle.m in Sources */ = {isa = PBXBuildFile; fileRef = 7600C05818EEA6AD00101286 /* ViewControllerMuscle.m */; };
		7600C05B18EEA6AD00101286 /* ViewControllerMuscle.xib in Resources */ = {isa = PBXBuildFile; fileRef = 7600C05918EEA6AD00101286 /* ViewControllerMuscle.xib */; };
		760237681935269F008C19A9 /* exercise-32.png in Resources */ = {isa = PBXBuildFile; fileRef = 760237671935269F008C19A9 /* exercise-32.png */; };
		7602376D19352BAA008C19A9 /* ViewControllerMyPrograms.m in Sources */ = {isa = PBXBuildFile; fileRef = 7602376B19352BAA008C19A9 /* ViewControllerMyPrograms.m */; };
		7602376E19352BAA008C19A9 /* ViewControllerMyPrograms.xib in Resources */ = {isa = PBXBuildFile; fileRef = 7602376C19352BAA008C19A9 /* ViewControllerMyPrograms.xib */; };
		76043C3C1930AA390099DCFF /* ViewControllerCalories.m in Sources */ = {isa = PBXBuildFile; fileRef = 76043C3A1930AA390099DCFF /* ViewControllerCalories.m */; };
		76043C3D1930AA390099DCFF /* ViewControllerCalories.xib in Resources */ = {isa = PBXBuildFile; fileRef = 76043C3B1930AA390099DCFF /* ViewControllerCalories.xib */; };
		76043C401930D7F90099DCFF /* Calories.m in Sources */ = {isa = PBXBuildFile; fileRef = 76043C3F1930D7F90099DCFF /* Calories.m */; };
		7605E65C191963850013CD87 /* Parse.framework in Frameworks */ = {isa = PBXBuildFile; fileRef = 7605E65B191963850013CD87 /* Parse.framework */; };
		7605E65E191963D00013CD87 /* AudioToolbox.framework in Frameworks */ = {isa = PBXBuildFile; fileRef = 7605E65D191963D00013CD87 /* AudioToolbox.framework */; };
		7605E660191963E40013CD87 /* CoreLocation.framework in Frameworks */ = {isa = PBXBuildFile; fileRef = 7605E65F191963E40013CD87 /* CoreLocation.framework */; };
		7605E662191964050013CD87 /* Security.framework in Frameworks */ = {isa = PBXBuildFile; fileRef = 7605E661191964050013CD87 /* Security.framework */; };
		7605E6641919640F0013CD87 /* StoreKit.framework in Frameworks */ = {isa = PBXBuildFile; fileRef = 7605E6631919640F0013CD87 /* StoreKit.framework */; };
		760CF70F18EAABDA00875CBF /* MLAlertView.m in Sources */ = {isa = PBXBuildFile; fileRef = 760CF70E18EAABDA00875CBF /* MLAlertView.m */; };
		76139A9818F7F9CD00653A75 /* NVCalendar.m in Sources */ = {isa = PBXBuildFile; fileRef = 76139A9718F7F9CD00653A75 /* NVCalendar.m */; };
		76139A9E18F8085200653A75 /* ViewControllerCalendar.m in Sources */ = {isa = PBXBuildFile; fileRef = 76139A9C18F8085200653A75 /* ViewControllerCalendar.m */; };
		76139A9F18F8085200653A75 /* ViewControllerCalendar.xib in Resources */ = {isa = PBXBuildFile; fileRef = 76139A9D18F8085200653A75 /* ViewControllerCalendar.xib */; };
		76139AB118F814D600653A75 /* ViewControllerChart.m in Sources */ = {isa = PBXBuildFile; fileRef = 76139AAF18F814D600653A75 /* ViewControllerChart.m */; };
		76139AB218F814D600653A75 /* ViewControllerChart.xib in Resources */ = {isa = PBXBuildFile; fileRef = 76139AB018F814D600653A75 /* ViewControllerChart.xib */; };
		76139AB518F8155900653A75 /* SimpleBarChart.m in Sources */ = {isa = PBXBuildFile; fileRef = 76139AB418F8155900653A75 /* SimpleBarChart.m */; };
		76139AB918F8160000653A75 /* NSMutableArray+TTMutableArray.m in Sources */ = {isa = PBXBuildFile; fileRef = 76139AB818F8160000653A75 /* NSMutableArray+TTMutableArray.m */; };
		76139ABB18F81A3100653A75 /* calendar-36.png in Resources */ = {isa = PBXBuildFile; fileRef = 76139ABA18F81A3100653A75 /* calendar-36.png */; };
		76139ABF18F81B2300653A75 /* combo-32.png in Resources */ = {isa = PBXBuildFile; fileRef = 76139ABE18F81B2300653A75 /* combo-32.png */; };
		76139AC118F823BA00653A75 /* weightlift-32.png in Resources */ = {isa = PBXBuildFile; fileRef = 76139AC018F823BA00653A75 /* weightlift-32.png */; };
		76139AC318F8245200653A75 /* screenshot-32.png in Resources */ = {isa = PBXBuildFile; fileRef = 76139AC218F8245200653A75 /* screenshot-32.png */; };
		76139AC518F8296E00653A75 /* scale-32.png in Resources */ = {isa = PBXBuildFile; fileRef = 76139AC418F8296E00653A75 /* scale-32.png */; };
		76139AC718F829E200653A75 /* email-32.png in Resources */ = {isa = PBXBuildFile; fileRef = 76139AC618F829E200653A75 /* email-32.png */; };
		76139AC918F82A3300653A75 /* save-32.png in Resources */ = {isa = PBXBuildFile; fileRef = 76139AC818F82A3300653A75 /* save-32.png */; };
		76139ACB18F82A5900653A75 /* cancel-32.png in Resources */ = {isa = PBXBuildFile; fileRef = 76139ACA18F82A5900653A75 /* cancel-32.png */; };
		76139ACD18F82A8900653A75 /* facebook-32.png in Resources */ = {isa = PBXBuildFile; fileRef = 76139ACC18F82A8900653A75 /* facebook-32.png */; };
		76139ACF18F82AC500653A75 /* right_round-32.png in Resources */ = {isa = PBXBuildFile; fileRef = 76139ACE18F82AC500653A75 /* right_round-32.png */; };
		76139AD118F82AD900653A75 /* left_round-32.png in Resources */ = {isa = PBXBuildFile; fileRef = 76139AD018F82AD900653A75 /* left_round-32.png */; };
		761B708B18AB83A400545C6A /* Foundation.framework in Frameworks */ = {isa = PBXBuildFile; fileRef = 761B708A18AB83A400545C6A /* Foundation.framework */; };
		761B708D18AB83A400545C6A /* CoreGraphics.framework in Frameworks */ = {isa = PBXBuildFile; fileRef = 761B708C18AB83A400545C6A /* CoreGraphics.framework */; };
		761B708F18AB83A400545C6A /* UIKit.framework in Frameworks */ = {isa = PBXBuildFile; fileRef = 761B708E18AB83A400545C6A /* UIKit.framework */; };
		761B709118AB83A400545C6A /* CoreData.framework in Frameworks */ = {isa = PBXBuildFile; fileRef = 761B709018AB83A400545C6A /* CoreData.framework */; };
		761B709718AB83A400545C6A /* InfoPlist.strings in Resources */ = {isa = PBXBuildFile; fileRef = 761B709518AB83A400545C6A /* InfoPlist.strings */; };
		761B709918AB83A400545C6A /* main.m in Sources */ = {isa = PBXBuildFile; fileRef = 761B709818AB83A400545C6A /* main.m */; };
		761B709D18AB83A400545C6A /* AppDelegate.m in Sources */ = {isa = PBXBuildFile; fileRef = 761B709C18AB83A400545C6A /* AppDelegate.m */; };
		761B70A218AB83A400545C6A /* Images.xcassets in Resources */ = {isa = PBXBuildFile; fileRef = 761B70A118AB83A400545C6A /* Images.xcassets */; };
		761B70A918AB83A400545C6A /* XCTest.framework in Frameworks */ = {isa = PBXBuildFile; fileRef = 761B70A818AB83A400545C6A /* XCTest.framework */; };
		761B70AA18AB83A400545C6A /* Foundation.framework in Frameworks */ = {isa = PBXBuildFile; fileRef = 761B708A18AB83A400545C6A /* Foundation.framework */; };
		761B70AB18AB83A400545C6A /* UIKit.framework in Frameworks */ = {isa = PBXBuildFile; fileRef = 761B708E18AB83A400545C6A /* UIKit.framework */; };
		761B70AC18AB83A400545C6A /* CoreData.framework in Frameworks */ = {isa = PBXBuildFile; fileRef = 761B709018AB83A400545C6A /* CoreData.framework */; };
		761B70B418AB83A400545C6A /* InfoPlist.strings in Resources */ = {isa = PBXBuildFile; fileRef = 761B70B218AB83A400545C6A /* InfoPlist.strings */; };
		761B70B618AB83A400545C6A /* AppFitnessTests.m in Sources */ = {isa = PBXBuildFile; fileRef = 761B70B518AB83A400545C6A /* AppFitnessTests.m */; };
		761B70C218AB83F500545C6A /* Fitness58x58.png in Resources */ = {isa = PBXBuildFile; fileRef = 761B70BF18AB83F500545C6A /* Fitness58x58.png */; };
		761B70C318AB83F500545C6A /* Fitness80x80.png in Resources */ = {isa = PBXBuildFile; fileRef = 761B70C018AB83F500545C6A /* Fitness80x80.png */; };
		761B70C418AB83F500545C6A /* Fitness120x120.png in Resources */ = {isa = PBXBuildFile; fileRef = 761B70C118AB83F500545C6A /* Fitness120x120.png */; };
		761B70C718AB88E400545C6A /* 640x1136.png in Resources */ = {isa = PBXBuildFile; fileRef = 761B70C518AB88E400545C6A /* 640x1136.png */; };
		761B70C818AB88E400545C6A /* Image640x960.png in Resources */ = {isa = PBXBuildFile; fileRef = 761B70C618AB88E400545C6A /* Image640x960.png */; };
		761B70CE18AB899D00545C6A /* ViewControllerScreen1.m in Sources */ = {isa = PBXBuildFile; fileRef = 761B70CC18AB899D00545C6A /* ViewControllerScreen1.m */; };
		761B70CF18AB899D00545C6A /* ViewControllerScreen1.xib in Resources */ = {isa = PBXBuildFile; fileRef = 761B70CD18AB899D00545C6A /* ViewControllerScreen1.xib */; };
		761B70D518AB983200545C6A /* FitnessLogin.jpg in Resources */ = {isa = PBXBuildFile; fileRef = 761B70D418AB983200545C6A /* FitnessLogin.jpg */; };
		761B70D918ABA19200545C6A /* ViewControllerModule.m in Sources */ = {isa = PBXBuildFile; fileRef = 761B70D718ABA19200545C6A /* ViewControllerModule.m */; };
		761B70DA18ABA19200545C6A /* ViewControllerModule.xib in Resources */ = {isa = PBXBuildFile; fileRef = 761B70D818ABA19200545C6A /* ViewControllerModule.xib */; };
		761DDE2F18B21F1600DAFBB5 /* ViewControllerNewAccount.m in Sources */ = {isa = PBXBuildFile; fileRef = 761DDE2D18B21F1600DAFBB5 /* ViewControllerNewAccount.m */; };
		761DDE3018B21F1600DAFBB5 /* ViewControllerNewAccount.xib in Resources */ = {isa = PBXBuildFile; fileRef = 761DDE2E18B21F1600DAFBB5 /* ViewControllerNewAccount.xib */; };
		761DDE3918B22B9100DAFBB5 /* User.m in Sources */ = {isa = PBXBuildFile; fileRef = 761DDE3818B22B9100DAFBB5 /* User.m */; };
		76313A7218D9B645008150D8 /* Default-568h@2x.png in Resources */ = {isa = PBXBuildFile; fileRef = 76313A7118D9B645008150D8 /* Default-568h@2x.png */; };
		7633DF8318F6AB910081DA63 /* QuartzCore.framework in Frameworks */ = {isa = PBXBuildFile; fileRef = 7633DF8218F6AB910081DA63 /* QuartzCore.framework */; };
		7636B87018F2CA0B00D1EA99 /* rsz_musclemanrunning.png in Resources */ = {isa = PBXBuildFile; fileRef = 7636B86F18F2CA0B00D1EA99 /* rsz_musclemanrunning.png */; };
		7650AE9418F423690022F153 /* rsz_abdomen.png in Resources */ = {isa = PBXBuildFile; fileRef = 7650AE9318F423690022F153 /* rsz_abdomen.png */; };
		7650AE9918F425B10022F153 /* ViewControllerDescription.m in Sources */ = {isa = PBXBuildFile; fileRef = 7650AE9718F425B10022F153 /* ViewControllerDescription.m */; };
		7650AE9A18F425B10022F153 /* ViewControllerDescription.xib in Resources */ = {isa = PBXBuildFile; fileRef = 7650AE9818F425B10022F153 /* ViewControllerDescription.xib */; };
		7651D75818DADF1D00CE9CE2 /* CoreBluetooth.framework in Frameworks */ = {isa = PBXBuildFile; fileRef = 7651D75718DADF1D00CE9CE2 /* CoreBluetooth.framework */; };
		7651D75A18DADF6000CE9CE2 /* MessageUI.framework in Frameworks */ = {isa = PBXBuildFile; fileRef = 7651D75918DADF6000CE9CE2 /* MessageUI.framework */; };
		7651D75E18DAEBCF00CE9CE2 /* ValidateEmail.m in Sources */ = {isa = PBXBuildFile; fileRef = 7651D75D18DAEBCF00CE9CE2 /* ValidateEmail.m */; };
		7652BCB518B0EA420011638F /* rsz_1rsz_logofitness.png in Resources */ = {isa = PBXBuildFile; fileRef = 7652BCB418B0EA420011638F /* rsz_1rsz_logofitness.png */; };
		7652BCB718B0EB070011638F /* rsz_11rsz_logofitness.png in Resources */ = {isa = PBXBuildFile; fileRef = 7652BCB618B0EB070011638F /* rsz_11rsz_logofitness.png */; };
		7695CD2B18F56FE000169CF9 /* AppFitness.xcdatamodeld in Sources */ = {isa = PBXBuildFile; fileRef = 7695CD2918F56FE000169CF9 /* AppFitness.xcdatamodeld */; };
		76A657D11907CB1900CA112A /* multiple_input-32.png in Resources */ = {isa = PBXBuildFile; fileRef = 76A657D01907CB1900CA112A /* multiple_input-32.png */; };
		76B09CE01924DF1D00DB25C0 /* MBProgressHUD.m in Sources */ = {isa = PBXBuildFile; fileRef = 76B09CDF1924DF1D00DB25C0 /* MBProgressHUD.m */; };
		76C5FD2C190C3CCF00998CF0 /* main_background_dark.png in Resources */ = {isa = PBXBuildFile; fileRef = 76C5FD2B190C3CCF00998CF0 /* main_background_dark.png */; };
		76D60721191664E0005904B6 /* IMViewWithBorderedImage.m in Sources */ = {isa = PBXBuildFile; fileRef = 76D60718191664E0005904B6 /* IMViewWithBorderedImage.m */; };
		76D60722191664E0005904B6 /* IMViewController.m in Sources */ = {isa = PBXBuildFile; fileRef = 76D6071A191664E0005904B6 /* IMViewController.m */; };
		76D60723191664E0005904B6 /* IMColorTableViewController.m in Sources */ = {isa = PBXBuildFile; fileRef = 76D6071C191664E0005904B6 /* IMColorTableViewController.m */; };
		76D60724191664E0005904B6 /* IMContentModeTableViewController.m in Sources */ = {isa = PBXBuildFile; fileRef = 76D6071E191664E0005904B6 /* IMContentModeTableViewController.m */; };
		76D60725191664E0005904B6 /* IMViewController_iPhone.xib in Resources */ = {isa = PBXBuildFile; fileRef = 76D6071F191664E0005904B6 /* IMViewController_iPhone.xib */; };
		76D632B9191121CF00514D62 /* 2338.jpg in Resources */ = {isa = PBXBuildFile; fileRef = 76D632B8191121CF00514D62 /* 2338.jpg */; };
		76D632BC1911232100514D62 /* BentKneeHipRaise.jpg in Resources */ = {isa = PBXBuildFile; fileRef = 76D632BB1911232100514D62 /* BentKneeHipRaise.jpg */; };
		76D632BE191123E800514D62 /* CrossBodyCrunch.jpg in Resources */ = {isa = PBXBuildFile; fileRef = 76D632BD191123E800514D62 /* CrossBodyCrunch.jpg */; };
		76D632C01911249200514D62 /* LegRaise.jpg in Resources */ = {isa = PBXBuildFile; fileRef = 76D632BF1911249200514D62 /* LegRaise.jpg */; };
		76DB417C18FBF17F009FCDB1 /* login.png in Resources */ = {isa = PBXBuildFile; fileRef = 76DB417B18FBF17F009FCDB1 /* login.png */; };
		76DB418618FBF58B009FCDB1 /* message_outline-32.png in Resources */ = {isa = PBXBuildFile; fileRef = 76DB418518FBF58B009FCDB1 /* message_outline-32.png */; };
		76DB418818FBF5FF009FCDB1 /* lock-32.png in Resources */ = {isa = PBXBuildFile; fileRef = 76DB418718FBF5FF009FCDB1 /* lock-32.png */; };
		76DB418A18FBFA5E009FCDB1 /* background.png in Resources */ = {isa = PBXBuildFile; fileRef = 76DB418918FBFA5E009FCDB1 /* background.png */; };
		76DB418C18FC0065009FCDB1 /* Bookworm.png in Resources */ = {isa = PBXBuildFile; fileRef = 76DB418B18FC0065009FCDB1 /* Bookworm.png */; };
		76DB418E18FC00EC009FCDB1 /* ghback.png in Resources */ = {isa = PBXBuildFile; fileRef = 76DB418D18FC00EC009FCDB1 /* ghback.png */; };
		76DB419218FC0A77009FCDB1 /* lock-64.png in Resources */ = {isa = PBXBuildFile; fileRef = 76DB419118FC0A77009FCDB1 /* lock-64.png */; };
		76DB419418FC0AB8009FCDB1 /* right_circular-64.png in Resources */ = {isa = PBXBuildFile; fileRef = 76DB419318FC0AB8009FCDB1 /* right_circular-64.png */; };
		76DB419618FC0AD7009FCDB1 /* right_circular-48.png in Resources */ = {isa = PBXBuildFile; fileRef = 76DB419518FC0AD7009FCDB1 /* right_circular-48.png */; };
		76DB41F418FC1588009FCDB1 /* CFNetwork.framework in Frameworks */ = {isa = PBXBuildFile; fileRef = 76DB41F318FC1588009FCDB1 /* CFNetwork.framework */; };
		76DE164819363E04001CDF38 /* Reachability.m in Sources */ = {isa = PBXBuildFile; fileRef = 76DE164719363E04001CDF38 /* Reachability.m */; };
		76E066EB193A09640049A472 /* background@2x.jpg in Resources */ = {isa = PBXBuildFile; fileRef = 76E066EA193A09640049A472 /* background@2x.jpg */; };
		76E066EE193A0A2B0049A472 /* ABFullScrollViewController.m in Sources */ = {isa = PBXBuildFile; fileRef = 76E066ED193A0A2B0049A472 /* ABFullScrollViewController.m */; };
		76E84734190A42DA009AFC2D /* libz.dylib in Frameworks */ = {isa = PBXBuildFile; fileRef = 76E84733190A42DA009AFC2D /* libz.dylib */; };
		76E84738190A6F40009AFC2D /* Training.m in Sources */ = {isa = PBXBuildFile; fileRef = 76E84737190A6F40009AFC2D /* Training.m */; };
		76F599351928C401005167E9 /* ButtonTap.wav in Resources */ = {isa = PBXBuildFile; fileRef = 76F599341928C401005167E9 /* ButtonTap.wav */; };
		76F599371928C40B005167E9 /* SecondBeep.wav in Resources */ = {isa = PBXBuildFile; fileRef = 76F599361928C40B005167E9 /* SecondBeep.wav */; };
		76FA102019090814005F59DF /* trash-36.png in Resources */ = {isa = PBXBuildFile; fileRef = 76FA101F19090814005F59DF /* trash-36.png */; };
		76FA102219090838005F59DF /* trash-32.png in Resources */ = {isa = PBXBuildFile; fileRef = 76FA102119090838005F59DF /* trash-32.png */; };
		76FA102419090898005F59DF /* delete-32.png in Resources */ = {isa = PBXBuildFile; fileRef = 76FA102319090898005F59DF /* delete-32.png */; };
		76FA102619091F7D005F59DF /* checklist-32.png in Resources */ = {isa = PBXBuildFile; fileRef = 76FA102519091F7D005F59DF /* checklist-32.png */; };
		76FA102819091FE8005F59DF /* today-32.png in Resources */ = {isa = PBXBuildFile; fileRef = 76FA102719091FE8005F59DF /* today-32.png */; };
		76FA11FE19093B8A005F59DF /* MobileCoreServices.framework in Frameworks */ = {isa = PBXBuildFile; fileRef = 76FA11FD19093B8A005F59DF /* MobileCoreServices.framework */; };
		76FA120019093BAB005F59DF /* SystemConfiguration.framework in Frameworks */ = {isa = PBXBuildFile; fileRef = 76FA11FF19093BAB005F59DF /* SystemConfiguration.framework */; };
		76FB6128191511510053F7FC /* 55.png in Resources */ = {isa = PBXBuildFile; fileRef = 76FB6127191511510053F7FC /* 55.png */; };
		76FB612A191511680053F7FC /* 56.png in Resources */ = {isa = PBXBuildFile; fileRef = 76FB6129191511680053F7FC /* 56.png */; };
		76FB612C191511BD0053F7FC /* 1001.jpg in Resources */ = {isa = PBXBuildFile; fileRef = 76FB612B191511BD0053F7FC /* 1001.jpg */; };
		76FB612E191511D40053F7FC /* 1002.jpg in Resources */ = {isa = PBXBuildFile; fileRef = 76FB612D191511D40053F7FC /* 1002.jpg */; };
		76FB6130191511E70053F7FC /* 1003.jpg in Resources */ = {isa = PBXBuildFile; fileRef = 76FB612F191511E70053F7FC /* 1003.jpg */; };
		76FB6132191511F80053F7FC /* 1004.jpg in Resources */ = {isa = PBXBuildFile; fileRef = 76FB6131191511F80053F7FC /* 1004.jpg */; };
/* End PBXBuildFile section */

/* Begin PBXContainerItemProxy section */
		761B70AD18AB83A400545C6A /* PBXContainerItemProxy */ = {
			isa = PBXContainerItemProxy;
			containerPortal = 761B707F18AB83A400545C6A /* Project object */;
			proxyType = 1;
			remoteGlobalIDString = 761B708618AB83A400545C6A;
			remoteInfo = AppFitness;
		};
/* End PBXContainerItemProxy section */

/* Begin PBXFileReference section */
		7600C03E18EE9EE900101286 /* bg_01.jpg */ = {isa = PBXFileReference; lastKnownFileType = image.jpeg; path = bg_01.jpg; sourceTree = "<group>"; };
		7600C03F18EE9EE900101286 /* bg_02.jpg */ = {isa = PBXFileReference; lastKnownFileType = image.jpeg; path = bg_02.jpg; sourceTree = "<group>"; };
		7600C04018EE9EE900101286 /* bg_03.jpg */ = {isa = PBXFileReference; lastKnownFileType = image.jpeg; path = bg_03.jpg; sourceTree = "<group>"; };
		7600C04118EE9EE900101286 /* bg_04.jpg */ = {isa = PBXFileReference; lastKnownFileType = image.jpeg; path = bg_04.jpg; sourceTree = "<group>"; };
		7600C04218EE9EE900101286 /* bg_05.jpg */ = {isa = PBXFileReference; lastKnownFileType = image.jpeg; path = bg_05.jpg; sourceTree = "<group>"; };
		7600C04318EE9EE900101286 /* title1@2x.png */ = {isa = PBXFileReference; lastKnownFileType = image.png; path = "title1@2x.png"; sourceTree = "<group>"; };
		7600C04418EE9EE900101286 /* title2@2x.png */ = {isa = PBXFileReference; lastKnownFileType = image.png; path = "title2@2x.png"; sourceTree = "<group>"; };
		7600C04518EE9EE900101286 /* title3@2x.png */ = {isa = PBXFileReference; lastKnownFileType = image.png; path = "title3@2x.png"; sourceTree = "<group>"; };
		7600C04618EE9EE900101286 /* title4@2x.png */ = {isa = PBXFileReference; lastKnownFileType = image.png; path = "title4@2x.png"; sourceTree = "<group>"; };
		7600C04718EE9EE900101286 /* title5@2x.png */ = {isa = PBXFileReference; lastKnownFileType = image.png; path = "title5@2x.png"; sourceTree = "<group>"; };
		7600C05718EEA6AD00101286 /* ViewControllerMuscle.h */ = {isa = PBXFileReference; fileEncoding = 4; lastKnownFileType = sourcecode.c.h; path = ViewControllerMuscle.h; sourceTree = "<group>"; };
		7600C05818EEA6AD00101286 /* ViewControllerMuscle.m */ = {isa = PBXFileReference; fileEncoding = 4; lastKnownFileType = sourcecode.c.objc; path = ViewControllerMuscle.m; sourceTree = "<group>"; };
		7600C05918EEA6AD00101286 /* ViewControllerMuscle.xib */ = {isa = PBXFileReference; fileEncoding = 4; lastKnownFileType = file.xib; path = ViewControllerMuscle.xib; sourceTree = "<group>"; };
		760237671935269F008C19A9 /* exercise-32.png */ = {isa = PBXFileReference; lastKnownFileType = image.png; path = "exercise-32.png"; sourceTree = "<group>"; };
		7602376A19352BAA008C19A9 /* ViewControllerMyPrograms.h */ = {isa = PBXFileReference; fileEncoding = 4; lastKnownFileType = sourcecode.c.h; path = ViewControllerMyPrograms.h; sourceTree = "<group>"; };
		7602376B19352BAA008C19A9 /* ViewControllerMyPrograms.m */ = {isa = PBXFileReference; fileEncoding = 4; lastKnownFileType = sourcecode.c.objc; path = ViewControllerMyPrograms.m; sourceTree = "<group>"; };
		7602376C19352BAA008C19A9 /* ViewControllerMyPrograms.xib */ = {isa = PBXFileReference; fileEncoding = 4; lastKnownFileType = file.xib; path = ViewControllerMyPrograms.xib; sourceTree = "<group>"; };
		76043C391930AA390099DCFF /* ViewControllerCalories.h */ = {isa = PBXFileReference; fileEncoding = 4; lastKnownFileType = sourcecode.c.h; path = ViewControllerCalories.h; sourceTree = "<group>"; };
		76043C3A1930AA390099DCFF /* ViewControllerCalories.m */ = {isa = PBXFileReference; fileEncoding = 4; lastKnownFileType = sourcecode.c.objc; path = ViewControllerCalories.m; sourceTree = "<group>"; };
		76043C3B1930AA390099DCFF /* ViewControllerCalories.xib */ = {isa = PBXFileReference; fileEncoding = 4; lastKnownFileType = file.xib; path = ViewControllerCalories.xib; sourceTree = "<group>"; };
		76043C3E1930D7F90099DCFF /* Calories.h */ = {isa = PBXFileReference; fileEncoding = 4; lastKnownFileType = sourcecode.c.h; path = Calories.h; sourceTree = "<group>"; };
		76043C3F1930D7F90099DCFF /* Calories.m */ = {isa = PBXFileReference; fileEncoding = 4; lastKnownFileType = sourcecode.c.objc; path = Calories.m; sourceTree = "<group>"; };
		7605E65B191963850013CD87 /* Parse.framework */ = {isa = PBXFileReference; lastKnownFileType = wrapper.framework; path = Parse.framework; sourceTree = "<group>"; };
		7605E65D191963D00013CD87 /* AudioToolbox.framework */ = {isa = PBXFileReference; lastKnownFileType = wrapper.framework; name = AudioToolbox.framework; path = System/Library/Frameworks/AudioToolbox.framework; sourceTree = SDKROOT; };
		7605E65F191963E40013CD87 /* CoreLocation.framework */ = {isa = PBXFileReference; lastKnownFileType = wrapper.framework; name = CoreLocation.framework; path = System/Library/Frameworks/CoreLocation.framework; sourceTree = SDKROOT; };
		7605E661191964050013CD87 /* Security.framework */ = {isa = PBXFileReference; lastKnownFileType = wrapper.framework; name = Security.framework; path = System/Library/Frameworks/Security.framework; sourceTree = SDKROOT; };
		7605E6631919640F0013CD87 /* StoreKit.framework */ = {isa = PBXFileReference; lastKnownFileType = wrapper.framework; name = StoreKit.framework; path = System/Library/Frameworks/StoreKit.framework; sourceTree = SDKROOT; };
		760CF70D18EAABDA00875CBF /* MLAlertView.h */ = {isa = PBXFileReference; fileEncoding = 4; lastKnownFileType = sourcecode.c.h; path = MLAlertView.h; sourceTree = "<group>"; };
		760CF70E18EAABDA00875CBF /* MLAlertView.m */ = {isa = PBXFileReference; fileEncoding = 4; lastKnownFileType = sourcecode.c.objc; path = MLAlertView.m; sourceTree = "<group>"; };
		76139A9618F7F9CD00653A75 /* NVCalendar.h */ = {isa = PBXFileReference; fileEncoding = 4; lastKnownFileType = sourcecode.c.h; path = NVCalendar.h; sourceTree = "<group>"; };
		76139A9718F7F9CD00653A75 /* NVCalendar.m */ = {isa = PBXFileReference; fileEncoding = 4; lastKnownFileType = sourcecode.c.objc; path = NVCalendar.m; sourceTree = "<group>"; };
		76139A9A18F8081C00653A75 /* NVCalendar-Prefix.pch */ = {isa = PBXFileReference; lastKnownFileType = sourcecode.c.h; path = "NVCalendar-Prefix.pch"; sourceTree = "<group>"; };
		76139A9B18F8085200653A75 /* ViewControllerCalendar.h */ = {isa = PBXFileReference; fileEncoding = 4; lastKnownFileType = sourcecode.c.h; path = ViewControllerCalendar.h; sourceTree = "<group>"; };
		76139A9C18F8085200653A75 /* ViewControllerCalendar.m */ = {isa = PBXFileReference; fileEncoding = 4; lastKnownFileType = sourcecode.c.objc; path = ViewControllerCalendar.m; sourceTree = "<group>"; };
		76139A9D18F8085200653A75 /* ViewControllerCalendar.xib */ = {isa = PBXFileReference; fileEncoding = 4; lastKnownFileType = file.xib; path = ViewControllerCalendar.xib; sourceTree = "<group>"; };
		76139AAE18F814D600653A75 /* ViewControllerChart.h */ = {isa = PBXFileReference; fileEncoding = 4; lastKnownFileType = sourcecode.c.h; path = ViewControllerChart.h; sourceTree = "<group>"; };
		76139AAF18F814D600653A75 /* ViewControllerChart.m */ = {isa = PBXFileReference; fileEncoding = 4; lastKnownFileType = sourcecode.c.objc; path = ViewControllerChart.m; sourceTree = "<group>"; };
		76139AB018F814D600653A75 /* ViewControllerChart.xib */ = {isa = PBXFileReference; fileEncoding = 4; lastKnownFileType = file.xib; path = ViewControllerChart.xib; sourceTree = "<group>"; };
		76139AB318F8155900653A75 /* SimpleBarChart.h */ = {isa = PBXFileReference; fileEncoding = 4; lastKnownFileType = sourcecode.c.h; path = SimpleBarChart.h; sourceTree = "<group>"; };
		76139AB418F8155900653A75 /* SimpleBarChart.m */ = {isa = PBXFileReference; fileEncoding = 4; lastKnownFileType = sourcecode.c.objc; path = SimpleBarChart.m; sourceTree = "<group>"; };
		76139AB618F815CD00653A75 /* SimpleBarChartExample-Prefix.pch */ = {isa = PBXFileReference; lastKnownFileType = sourcecode.c.h; path = "SimpleBarChartExample-Prefix.pch"; sourceTree = "<group>"; };
		76139AB718F8160000653A75 /* NSMutableArray+TTMutableArray.h */ = {isa = PBXFileReference; fileEncoding = 4; lastKnownFileType = sourcecode.c.h; path = "NSMutableArray+TTMutableArray.h"; sourceTree = "<group>"; };
		76139AB818F8160000653A75 /* NSMutableArray+TTMutableArray.m */ = {isa = PBXFileReference; fileEncoding = 4; lastKnownFileType = sourcecode.c.objc; path = "NSMutableArray+TTMutableArray.m"; sourceTree = "<group>"; };
		76139ABA18F81A3100653A75 /* calendar-36.png */ = {isa = PBXFileReference; lastKnownFileType = image.png; path = "calendar-36.png"; sourceTree = "<group>"; };
		76139ABE18F81B2300653A75 /* combo-32.png */ = {isa = PBXFileReference; lastKnownFileType = image.png; path = "combo-32.png"; sourceTree = "<group>"; };
		76139AC018F823BA00653A75 /* weightlift-32.png */ = {isa = PBXFileReference; lastKnownFileType = image.png; path = "weightlift-32.png"; sourceTree = "<group>"; };
		76139AC218F8245200653A75 /* screenshot-32.png */ = {isa = PBXFileReference; lastKnownFileType = image.png; path = "screenshot-32.png"; sourceTree = "<group>"; };
		76139AC418F8296E00653A75 /* scale-32.png */ = {isa = PBXFileReference; lastKnownFileType = image.png; path = "scale-32.png"; sourceTree = "<group>"; };
		76139AC618F829E200653A75 /* email-32.png */ = {isa = PBXFileReference; lastKnownFileType = image.png; path = "email-32.png"; sourceTree = "<group>"; };
		76139AC818F82A3300653A75 /* save-32.png */ = {isa = PBXFileReference; lastKnownFileType = image.png; path = "save-32.png"; sourceTree = "<group>"; };
		76139ACA18F82A5900653A75 /* cancel-32.png */ = {isa = PBXFileReference; lastKnownFileType = image.png; path = "cancel-32.png"; sourceTree = "<group>"; };
		76139ACC18F82A8900653A75 /* facebook-32.png */ = {isa = PBXFileReference; lastKnownFileType = image.png; path = "facebook-32.png"; sourceTree = "<group>"; };
		76139ACE18F82AC500653A75 /* right_round-32.png */ = {isa = PBXFileReference; lastKnownFileType = image.png; path = "right_round-32.png"; sourceTree = "<group>"; };
		76139AD018F82AD900653A75 /* left_round-32.png */ = {isa = PBXFileReference; lastKnownFileType = image.png; path = "left_round-32.png"; sourceTree = "<group>"; };
		761B708718AB83A400545C6A /* AppFitness.app */ = {isa = PBXFileReference; explicitFileType = wrapper.application; includeInIndex = 0; path = AppFitness.app; sourceTree = BUILT_PRODUCTS_DIR; };
		761B708A18AB83A400545C6A /* Foundation.framework */ = {isa = PBXFileReference; lastKnownFileType = wrapper.framework; name = Foundation.framework; path = System/Library/Frameworks/Foundation.framework; sourceTree = SDKROOT; };
		761B708C18AB83A400545C6A /* CoreGraphics.framework */ = {isa = PBXFileReference; lastKnownFileType = wrapper.framework; name = CoreGraphics.framework; path = System/Library/Frameworks/CoreGraphics.framework; sourceTree = SDKROOT; };
		761B708E18AB83A400545C6A /* UIKit.framework */ = {isa = PBXFileReference; lastKnownFileType = wrapper.framework; name = UIKit.framework; path = System/Library/Frameworks/UIKit.framework; sourceTree = SDKROOT; };
		761B709018AB83A400545C6A /* CoreData.framework */ = {isa = PBXFileReference; lastKnownFileType = wrapper.framework; name = CoreData.framework; path = System/Library/Frameworks/CoreData.framework; sourceTree = SDKROOT; };
		761B709418AB83A400545C6A /* AppFitness-Info.plist */ = {isa = PBXFileReference; lastKnownFileType = text.plist.xml; path = "AppFitness-Info.plist"; sourceTree = "<group>"; };
		761B709618AB83A400545C6A /* en */ = {isa = PBXFileReference; lastKnownFileType = text.plist.strings; name = en; path = en.lproj/InfoPlist.strings; sourceTree = "<group>"; };
		761B709818AB83A400545C6A /* main.m */ = {isa = PBXFileReference; lastKnownFileType = sourcecode.c.objc; path = main.m; sourceTree = "<group>"; };
		761B709A18AB83A400545C6A /* AppFitness-Prefix.pch */ = {isa = PBXFileReference; lastKnownFileType = sourcecode.c.h; path = "AppFitness-Prefix.pch"; sourceTree = "<group>"; };
		761B709B18AB83A400545C6A /* AppDelegate.h */ = {isa = PBXFileReference; lastKnownFileType = sourcecode.c.h; name = AppDelegate.h; path = AppFitness/AppDelegate.h; sourceTree = "<group>"; };
		761B709C18AB83A400545C6A /* AppDelegate.m */ = {isa = PBXFileReference; lastKnownFileType = sourcecode.c.objc; name = AppDelegate.m; path = AppFitness/AppDelegate.m; sourceTree = "<group>"; };
		761B70A118AB83A400545C6A /* Images.xcassets */ = {isa = PBXFileReference; lastKnownFileType = folder.assetcatalog; path = Images.xcassets; sourceTree = "<group>"; };
		761B70A718AB83A400545C6A /* AppFitnessTests.xctest */ = {isa = PBXFileReference; explicitFileType = wrapper.cfbundle; includeInIndex = 0; path = AppFitnessTests.xctest; sourceTree = BUILT_PRODUCTS_DIR; };
		761B70A818AB83A400545C6A /* XCTest.framework */ = {isa = PBXFileReference; lastKnownFileType = wrapper.framework; name = XCTest.framework; path = Library/Frameworks/XCTest.framework; sourceTree = DEVELOPER_DIR; };
		761B70B118AB83A400545C6A /* AppFitnessTests-Info.plist */ = {isa = PBXFileReference; lastKnownFileType = text.plist.xml; path = "AppFitnessTests-Info.plist"; sourceTree = "<group>"; };
		761B70B318AB83A400545C6A /* en */ = {isa = PBXFileReference; lastKnownFileType = text.plist.strings; name = en; path = en.lproj/InfoPlist.strings; sourceTree = "<group>"; };
		761B70B518AB83A400545C6A /* AppFitnessTests.m */ = {isa = PBXFileReference; lastKnownFileType = sourcecode.c.objc; path = AppFitnessTests.m; sourceTree = "<group>"; };
		761B70BF18AB83F500545C6A /* Fitness58x58.png */ = {isa = PBXFileReference; lastKnownFileType = image.png; path = Fitness58x58.png; sourceTree = "<group>"; };
		761B70C018AB83F500545C6A /* Fitness80x80.png */ = {isa = PBXFileReference; lastKnownFileType = image.png; path = Fitness80x80.png; sourceTree = "<group>"; };
		761B70C118AB83F500545C6A /* Fitness120x120.png */ = {isa = PBXFileReference; lastKnownFileType = image.png; path = Fitness120x120.png; sourceTree = "<group>"; };
		761B70C518AB88E400545C6A /* 640x1136.png */ = {isa = PBXFileReference; lastKnownFileType = image.png; path = 640x1136.png; sourceTree = "<group>"; };
		761B70C618AB88E400545C6A /* Image640x960.png */ = {isa = PBXFileReference; lastKnownFileType = image.png; path = Image640x960.png; sourceTree = "<group>"; };
		761B70CB18AB899D00545C6A /* ViewControllerScreen1.h */ = {isa = PBXFileReference; fileEncoding = 4; lastKnownFileType = sourcecode.c.h; path = ViewControllerScreen1.h; sourceTree = "<group>"; };
		761B70CC18AB899D00545C6A /* ViewControllerScreen1.m */ = {isa = PBXFileReference; fileEncoding = 4; lastKnownFileType = sourcecode.c.objc; path = ViewControllerScreen1.m; sourceTree = "<group>"; };
		761B70CD18AB899D00545C6A /* ViewControllerScreen1.xib */ = {isa = PBXFileReference; fileEncoding = 4; lastKnownFileType = file.xib; path = ViewControllerScreen1.xib; sourceTree = "<group>"; };
		761B70D418AB983200545C6A /* FitnessLogin.jpg */ = {isa = PBXFileReference; lastKnownFileType = image.jpeg; path = FitnessLogin.jpg; sourceTree = "<group>"; };
		761B70D618ABA19200545C6A /* ViewControllerModule.h */ = {isa = PBXFileReference; fileEncoding = 4; lastKnownFileType = sourcecode.c.h; path = ViewControllerModule.h; sourceTree = "<group>"; };
		761B70D718ABA19200545C6A /* ViewControllerModule.m */ = {isa = PBXFileReference; fileEncoding = 4; lastKnownFileType = sourcecode.c.objc; path = ViewControllerModule.m; sourceTree = "<group>"; };
		761B70D818ABA19200545C6A /* ViewControllerModule.xib */ = {isa = PBXFileReference; fileEncoding = 4; lastKnownFileType = file.xib; path = ViewControllerModule.xib; sourceTree = "<group>"; };
		761DDE2C18B21F1600DAFBB5 /* ViewControllerNewAccount.h */ = {isa = PBXFileReference; fileEncoding = 4; lastKnownFileType = sourcecode.c.h; path = ViewControllerNewAccount.h; sourceTree = "<group>"; };
		761DDE2D18B21F1600DAFBB5 /* ViewControllerNewAccount.m */ = {isa = PBXFileReference; fileEncoding = 4; lastKnownFileType = sourcecode.c.objc; path = ViewControllerNewAccount.m; sourceTree = "<group>"; };
		761DDE2E18B21F1600DAFBB5 /* ViewControllerNewAccount.xib */ = {isa = PBXFileReference; fileEncoding = 4; lastKnownFileType = file.xib; path = ViewControllerNewAccount.xib; sourceTree = "<group>"; };
		761DDE3718B22B9100DAFBB5 /* User.h */ = {isa = PBXFileReference; fileEncoding = 4; lastKnownFileType = sourcecode.c.h; path = User.h; sourceTree = "<group>"; };
		761DDE3818B22B9100DAFBB5 /* User.m */ = {isa = PBXFileReference; fileEncoding = 4; lastKnownFileType = sourcecode.c.objc; path = User.m; sourceTree = "<group>"; };
		76313A7118D9B645008150D8 /* Default-568h@2x.png */ = {isa = PBXFileReference; lastKnownFileType = image.png; path = "Default-568h@2x.png"; sourceTree = "<group>"; };
		7633DF8218F6AB910081DA63 /* QuartzCore.framework */ = {isa = PBXFileReference; lastKnownFileType = wrapper.framework; name = QuartzCore.framework; path = System/Library/Frameworks/QuartzCore.framework; sourceTree = SDKROOT; };
		7636B86F18F2CA0B00D1EA99 /* rsz_musclemanrunning.png */ = {isa = PBXFileReference; lastKnownFileType = image.png; path = rsz_musclemanrunning.png; sourceTree = "<group>"; };
		7650AE9318F423690022F153 /* rsz_abdomen.png */ = {isa = PBXFileReference; lastKnownFileType = image.png; path = rsz_abdomen.png; sourceTree = "<group>"; };
		7650AE9618F425B10022F153 /* ViewControllerDescription.h */ = {isa = PBXFileReference; fileEncoding = 4; lastKnownFileType = sourcecode.c.h; path = ViewControllerDescription.h; sourceTree = "<group>"; };
		7650AE9718F425B10022F153 /* ViewControllerDescription.m */ = {isa = PBXFileReference; fileEncoding = 4; lastKnownFileType = sourcecode.c.objc; path = ViewControllerDescription.m; sourceTree = "<group>"; };
		7650AE9818F425B10022F153 /* ViewControllerDescription.xib */ = {isa = PBXFileReference; fileEncoding = 4; lastKnownFileType = file.xib; path = ViewControllerDescription.xib; sourceTree = "<group>"; };
		7651D75718DADF1D00CE9CE2 /* CoreBluetooth.framework */ = {isa = PBXFileReference; lastKnownFileType = wrapper.framework; name = CoreBluetooth.framework; path = System/Library/Frameworks/CoreBluetooth.framework; sourceTree = SDKROOT; };
		7651D75918DADF6000CE9CE2 /* MessageUI.framework */ = {isa = PBXFileReference; lastKnownFileType = wrapper.framework; name = MessageUI.framework; path = System/Library/Frameworks/MessageUI.framework; sourceTree = SDKROOT; };
		7651D75C18DAEBCF00CE9CE2 /* ValidateEmail.h */ = {isa = PBXFileReference; fileEncoding = 4; lastKnownFileType = sourcecode.c.h; path = ValidateEmail.h; sourceTree = "<group>"; };
		7651D75D18DAEBCF00CE9CE2 /* ValidateEmail.m */ = {isa = PBXFileReference; fileEncoding = 4; lastKnownFileType = sourcecode.c.objc; path = ValidateEmail.m; sourceTree = "<group>"; };
		7652BCB418B0EA420011638F /* rsz_1rsz_logofitness.png */ = {isa = PBXFileReference; lastKnownFileType = image.png; path = rsz_1rsz_logofitness.png; sourceTree = "<group>"; };
		7652BCB618B0EB070011638F /* rsz_11rsz_logofitness.png */ = {isa = PBXFileReference; lastKnownFileType = image.png; path = rsz_11rsz_logofitness.png; sourceTree = "<group>"; };
		7695CD2A18F56FE000169CF9 /* AppFitness.xcdatamodel */ = {isa = PBXFileReference; lastKnownFileType = wrapper.xcdatamodel; path = AppFitness.xcdatamodel; sourceTree = "<group>"; };
		76A657D01907CB1900CA112A /* multiple_input-32.png */ = {isa = PBXFileReference; lastKnownFileType = image.png; path = "multiple_input-32.png"; sourceTree = "<group>"; };
		76B09CDE1924DF1D00DB25C0 /* MBProgressHUD.h */ = {isa = PBXFileReference; fileEncoding = 4; lastKnownFileType = sourcecode.c.h; path = MBProgressHUD.h; sourceTree = "<group>"; };
		76B09CDF1924DF1D00DB25C0 /* MBProgressHUD.m */ = {isa = PBXFileReference; fileEncoding = 4; lastKnownFileType = sourcecode.c.objc; path = MBProgressHUD.m; sourceTree = "<group>"; };
		76C5FD2B190C3CCF00998CF0 /* main_background_dark.png */ = {isa = PBXFileReference; lastKnownFileType = image.png; path = main_background_dark.png; sourceTree = "<group>"; };
		76D60717191664E0005904B6 /* IMViewWithBorderedImage.h */ = {isa = PBXFileReference; fileEncoding = 4; lastKnownFileType = sourcecode.c.h; path = IMViewWithBorderedImage.h; sourceTree = "<group>"; };
		76D60718191664E0005904B6 /* IMViewWithBorderedImage.m */ = {isa = PBXFileReference; fileEncoding = 4; lastKnownFileType = sourcecode.c.objc; path = IMViewWithBorderedImage.m; sourceTree = "<group>"; };
		76D60719191664E0005904B6 /* IMViewController.h */ = {isa = PBXFileReference; fileEncoding = 4; lastKnownFileType = sourcecode.c.h; path = IMViewController.h; sourceTree = "<group>"; };
		76D6071A191664E0005904B6 /* IMViewController.m */ = {isa = PBXFileReference; fileEncoding = 4; lastKnownFileType = sourcecode.c.objc; path = IMViewController.m; sourceTree = "<group>"; };
		76D6071B191664E0005904B6 /* IMColorTableViewController.h */ = {isa = PBXFileReference; fileEncoding = 4; lastKnownFileType = sourcecode.c.h; path = IMColorTableViewController.h; sourceTree = "<group>"; };
		76D6071C191664E0005904B6 /* IMColorTableViewController.m */ = {isa = PBXFileReference; fileEncoding = 4; lastKnownFileType = sourcecode.c.objc; path = IMColorTableViewController.m; sourceTree = "<group>"; };
		76D6071D191664E0005904B6 /* IMContentModeTableViewController.h */ = {isa = PBXFileReference; fileEncoding = 4; lastKnownFileType = sourcecode.c.h; path = IMContentModeTableViewController.h; sourceTree = "<group>"; };
		76D6071E191664E0005904B6 /* IMContentModeTableViewController.m */ = {isa = PBXFileReference; fileEncoding = 4; lastKnownFileType = sourcecode.c.objc; path = IMContentModeTableViewController.m; sourceTree = "<group>"; };
		76D6071F191664E0005904B6 /* IMViewController_iPhone.xib */ = {isa = PBXFileReference; fileEncoding = 4; lastKnownFileType = file.xib; path = IMViewController_iPhone.xib; sourceTree = "<group>"; };
		76D60720191664E0005904B6 /* IMViewWithBorderedImage-Prefix.pch */ = {isa = PBXFileReference; fileEncoding = 4; lastKnownFileType = sourcecode.c.h; path = "IMViewWithBorderedImage-Prefix.pch"; sourceTree = "<group>"; };
		76D632B8191121CF00514D62 /* 2338.jpg */ = {isa = PBXFileReference; lastKnownFileType = image.jpeg; path = 2338.jpg; sourceTree = "<group>"; };
		76D632BB1911232100514D62 /* BentKneeHipRaise.jpg */ = {isa = PBXFileReference; lastKnownFileType = image.jpeg; path = BentKneeHipRaise.jpg; sourceTree = "<group>"; };
		76D632BD191123E800514D62 /* CrossBodyCrunch.jpg */ = {isa = PBXFileReference; lastKnownFileType = image.jpeg; path = CrossBodyCrunch.jpg; sourceTree = "<group>"; };
		76D632BF1911249200514D62 /* LegRaise.jpg */ = {isa = PBXFileReference; lastKnownFileType = image.jpeg; path = LegRaise.jpg; sourceTree = "<group>"; };
		76DB417B18FBF17F009FCDB1 /* login.png */ = {isa = PBXFileReference; lastKnownFileType = image.png; path = login.png; sourceTree = "<group>"; };
		76DB418518FBF58B009FCDB1 /* message_outline-32.png */ = {isa = PBXFileReference; lastKnownFileType = image.png; path = "message_outline-32.png"; sourceTree = "<group>"; };
		76DB418718FBF5FF009FCDB1 /* lock-32.png */ = {isa = PBXFileReference; lastKnownFileType = image.png; path = "lock-32.png"; sourceTree = "<group>"; };
		76DB418918FBFA5E009FCDB1 /* background.png */ = {isa = PBXFileReference; lastKnownFileType = image.png; path = background.png; sourceTree = "<group>"; };
		76DB418B18FC0065009FCDB1 /* Bookworm.png */ = {isa = PBXFileReference; lastKnownFileType = image.png; path = Bookworm.png; sourceTree = "<group>"; };
		76DB418D18FC00EC009FCDB1 /* ghback.png */ = {isa = PBXFileReference; lastKnownFileType = image.png; path = ghback.png; sourceTree = "<group>"; };
		76DB419118FC0A77009FCDB1 /* lock-64.png */ = {isa = PBXFileReference; lastKnownFileType = image.png; path = "lock-64.png"; sourceTree = "<group>"; };
		76DB419318FC0AB8009FCDB1 /* right_circular-64.png */ = {isa = PBXFileReference; lastKnownFileType = image.png; path = "right_circular-64.png"; sourceTree = "<group>"; };
		76DB419518FC0AD7009FCDB1 /* right_circular-48.png */ = {isa = PBXFileReference; lastKnownFileType = image.png; path = "right_circular-48.png"; sourceTree = "<group>"; };
		76DB41F318FC1588009FCDB1 /* CFNetwork.framework */ = {isa = PBXFileReference; lastKnownFileType = wrapper.framework; name = CFNetwork.framework; path = System/Library/Frameworks/CFNetwork.framework; sourceTree = SDKROOT; };
		76DE164619363E04001CDF38 /* Reachability.h */ = {isa = PBXFileReference; fileEncoding = 4; lastKnownFileType = sourcecode.c.h; path = Reachability.h; sourceTree = "<group>"; };
		76DE164719363E04001CDF38 /* Reachability.m */ = {isa = PBXFileReference; fileEncoding = 4; lastKnownFileType = sourcecode.c.objc; path = Reachability.m; sourceTree = "<group>"; };
		76E066EA193A09640049A472 /* background@2x.jpg */ = {isa = PBXFileReference; lastKnownFileType = image.jpeg; path = "background@2x.jpg"; sourceTree = "<group>"; };
		76E066EC193A0A2B0049A472 /* ABFullScrollViewController.h */ = {isa = PBXFileReference; fileEncoding = 4; lastKnownFileType = sourcecode.c.h; path = ABFullScrollViewController.h; sourceTree = "<group>"; };
		76E066ED193A0A2B0049A472 /* ABFullScrollViewController.m */ = {isa = PBXFileReference; fileEncoding = 4; lastKnownFileType = sourcecode.c.objc; path = ABFullScrollViewController.m; sourceTree = "<group>"; };
		76E84733190A42DA009AFC2D /* libz.dylib */ = {isa = PBXFileReference; lastKnownFileType = "compiled.mach-o.dylib"; name = libz.dylib; path = usr/lib/libz.dylib; sourceTree = SDKROOT; };
		76E84736190A6F40009AFC2D /* Training.h */ = {isa = PBXFileReference; fileEncoding = 4; lastKnownFileType = sourcecode.c.h; path = Training.h; sourceTree = "<group>"; };
		76E84737190A6F40009AFC2D /* Training.m */ = {isa = PBXFileReference; fileEncoding = 4; lastKnownFileType = sourcecode.c.objc; path = Training.m; sourceTree = "<group>"; };
		76F599341928C401005167E9 /* ButtonTap.wav */ = {isa = PBXFileReference; lastKnownFileType = audio.wav; path = ButtonTap.wav; sourceTree = "<group>"; };
		76F599361928C40B005167E9 /* SecondBeep.wav */ = {isa = PBXFileReference; lastKnownFileType = audio.wav; path = SecondBeep.wav; sourceTree = "<group>"; };
		76F996D4190D38B0007FA64D /* Description.h */ = {isa = PBXFileReference; lastKnownFileType = sourcecode.c.h; path = Description.h; sourceTree = "<group>"; };
		76FA101F19090814005F59DF /* trash-36.png */ = {isa = PBXFileReference; lastKnownFileType = image.png; path = "trash-36.png"; sourceTree = "<group>"; };
		76FA102119090838005F59DF /* trash-32.png */ = {isa = PBXFileReference; lastKnownFileType = image.png; path = "trash-32.png"; sourceTree = "<group>"; };
		76FA102319090898005F59DF /* delete-32.png */ = {isa = PBXFileReference; lastKnownFileType = image.png; path = "delete-32.png"; sourceTree = "<group>"; };
		76FA102519091F7D005F59DF /* checklist-32.png */ = {isa = PBXFileReference; lastKnownFileType = image.png; path = "checklist-32.png"; sourceTree = "<group>"; };
		76FA102719091FE8005F59DF /* today-32.png */ = {isa = PBXFileReference; lastKnownFileType = image.png; path = "today-32.png"; sourceTree = "<group>"; };
		76FA11FD19093B8A005F59DF /* MobileCoreServices.framework */ = {isa = PBXFileReference; lastKnownFileType = wrapper.framework; name = MobileCoreServices.framework; path = System/Library/Frameworks/MobileCoreServices.framework; sourceTree = SDKROOT; };
		76FA11FF19093BAB005F59DF /* SystemConfiguration.framework */ = {isa = PBXFileReference; lastKnownFileType = wrapper.framework; name = SystemConfiguration.framework; path = System/Library/Frameworks/SystemConfiguration.framework; sourceTree = SDKROOT; };
		76FB6127191511510053F7FC /* 55.png */ = {isa = PBXFileReference; lastKnownFileType = image.png; path = 55.png; sourceTree = "<group>"; };
		76FB6129191511680053F7FC /* 56.png */ = {isa = PBXFileReference; lastKnownFileType = image.png; path = 56.png; sourceTree = "<group>"; };
		76FB612B191511BD0053F7FC /* 1001.jpg */ = {isa = PBXFileReference; lastKnownFileType = image.jpeg; path = 1001.jpg; sourceTree = "<group>"; };
		76FB612D191511D40053F7FC /* 1002.jpg */ = {isa = PBXFileReference; lastKnownFileType = image.jpeg; path = 1002.jpg; sourceTree = "<group>"; };
		76FB612F191511E70053F7FC /* 1003.jpg */ = {isa = PBXFileReference; lastKnownFileType = image.jpeg; path = 1003.jpg; sourceTree = "<group>"; };
		76FB6131191511F80053F7FC /* 1004.jpg */ = {isa = PBXFileReference; lastKnownFileType = image.jpeg; path = 1004.jpg; sourceTree = "<group>"; };
/* End PBXFileReference section */

/* Begin PBXFrameworksBuildPhase section */
		761B708418AB83A400545C6A /* Frameworks */ = {
			isa = PBXFrameworksBuildPhase;
			buildActionMask = 2147483647;
			files = (
				76FA120019093BAB005F59DF /* SystemConfiguration.framework in Frameworks */,
				7605E6641919640F0013CD87 /* StoreKit.framework in Frameworks */,
				7605E662191964050013CD87 /* Security.framework in Frameworks */,
				7633DF8318F6AB910081DA63 /* QuartzCore.framework in Frameworks */,
				76FA11FE19093B8A005F59DF /* MobileCoreServices.framework in Frameworks */,
				7605E660191963E40013CD87 /* CoreLocation.framework in Frameworks */,
				7605E65E191963D00013CD87 /* AudioToolbox.framework in Frameworks */,
				76E84734190A42DA009AFC2D /* libz.dylib in Frameworks */,
				76DB41F418FC1588009FCDB1 /* CFNetwork.framework in Frameworks */,
				7651D75A18DADF6000CE9CE2 /* MessageUI.framework in Frameworks */,
				7651D75818DADF1D00CE9CE2 /* CoreBluetooth.framework in Frameworks */,
				761B708D18AB83A400545C6A /* CoreGraphics.framework in Frameworks */,
				761B709118AB83A400545C6A /* CoreData.framework in Frameworks */,
				761B708F18AB83A400545C6A /* UIKit.framework in Frameworks */,
				7605E65C191963850013CD87 /* Parse.framework in Frameworks */,
				761B708B18AB83A400545C6A /* Foundation.framework in Frameworks */,
			);
			runOnlyForDeploymentPostprocessing = 0;
		};
		761B70A418AB83A400545C6A /* Frameworks */ = {
			isa = PBXFrameworksBuildPhase;
			buildActionMask = 2147483647;
			files = (
				761B70A918AB83A400545C6A /* XCTest.framework in Frameworks */,
				761B70AC18AB83A400545C6A /* CoreData.framework in Frameworks */,
				761B70AB18AB83A400545C6A /* UIKit.framework in Frameworks */,
				761B70AA18AB83A400545C6A /* Foundation.framework in Frameworks */,
			);
			runOnlyForDeploymentPostprocessing = 0;
		};
/* End PBXFrameworksBuildPhase section */

/* Begin PBXGroup section */
		7600C05618EEA4CC00101286 /* Muscles */ = {
			isa = PBXGroup;
			children = (
				7600C05718EEA6AD00101286 /* ViewControllerMuscle.h */,
				7600C05818EEA6AD00101286 /* ViewControllerMuscle.m */,
				7600C05918EEA6AD00101286 /* ViewControllerMuscle.xib */,
			);
			name = Muscles;
			sourceTree = "<group>";
		};
		7602376919352B75008C19A9 /* MyPrograms */ = {
			isa = PBXGroup;
			children = (
				76E066EC193A0A2B0049A472 /* ABFullScrollViewController.h */,
				76E066ED193A0A2B0049A472 /* ABFullScrollViewController.m */,
				7602376A19352BAA008C19A9 /* ViewControllerMyPrograms.h */,
				7602376B19352BAA008C19A9 /* ViewControllerMyPrograms.m */,
				7602376C19352BAA008C19A9 /* ViewControllerMyPrograms.xib */,
			);
			name = MyPrograms;
			sourceTree = "<group>";
		};
		76043C3819309CBD0099DCFF /* ProgramCalories */ = {
			isa = PBXGroup;
			children = (
				76043C391930AA390099DCFF /* ViewControllerCalories.h */,
				76043C3A1930AA390099DCFF /* ViewControllerCalories.m */,
				76043C3B1930AA390099DCFF /* ViewControllerCalories.xib */,
				76043C3E1930D7F90099DCFF /* Calories.h */,
				76043C3F1930D7F90099DCFF /* Calories.m */,
			);
			name = ProgramCalories;
			sourceTree = "<group>";
		};
		760CF70818EAA32E00875CBF /* MLAlert */ = {
			isa = PBXGroup;
			children = (
				760CF70D18EAABDA00875CBF /* MLAlertView.h */,
				760CF70E18EAABDA00875CBF /* MLAlertView.m */,
			);
			name = MLAlert;
			sourceTree = "<group>";
		};
		76139A9118F7F8B700653A75 /* Calendar */ = {
			isa = PBXGroup;
			children = (
				76139A9618F7F9CD00653A75 /* NVCalendar.h */,
				76139A9718F7F9CD00653A75 /* NVCalendar.m */,
				76139A9A18F8081C00653A75 /* NVCalendar-Prefix.pch */,
				76139A9B18F8085200653A75 /* ViewControllerCalendar.h */,
				76139A9C18F8085200653A75 /* ViewControllerCalendar.m */,
				76139A9D18F8085200653A75 /* ViewControllerCalendar.xib */,
			);
			name = Calendar;
			sourceTree = "<group>";
		};
		76139AA018F80BB700653A75 /* Chart */ = {
			isa = PBXGroup;
			children = (
				76139AAE18F814D600653A75 /* ViewControllerChart.h */,
				76139AAF18F814D600653A75 /* ViewControllerChart.m */,
				76139AB018F814D600653A75 /* ViewControllerChart.xib */,
				76139AB318F8155900653A75 /* SimpleBarChart.h */,
				76139AB418F8155900653A75 /* SimpleBarChart.m */,
				76139AB618F815CD00653A75 /* SimpleBarChartExample-Prefix.pch */,
				76139AB718F8160000653A75 /* NSMutableArray+TTMutableArray.h */,
				76139AB818F8160000653A75 /* NSMutableArray+TTMutableArray.m */,
			);
			name = Chart;
			sourceTree = "<group>";
		};
		761B707E18AB83A400545C6A = {
			isa = PBXGroup;
			children = (
				76DE164619363E04001CDF38 /* Reachability.h */,
				76DE164719363E04001CDF38 /* Reachability.m */,
				7602376919352B75008C19A9 /* MyPrograms */,
				76043C3819309CBD0099DCFF /* ProgramCalories */,
				76F599331928C3F5005167E9 /* Sound */,
				76B09CDD1924DEFC00DB25C0 /* ProgressHud */,
				76D632B8191121CF00514D62 /* 2338.jpg */,
				76E84735190A6EF0009AFC2D /* Program */,
				76DB417A18FBD814009FCDB1 /* imageApp */,
				76139AA018F80BB700653A75 /* Chart */,
				76139A9118F7F8B700653A75 /* Calendar */,
				7650AE9518F425960022F153 /* Description */,
				7600C05618EEA4CC00101286 /* Muscles */,
				760CF70818EAA32E00875CBF /* MLAlert */,
				7651D75B18DAEBA600CE9CE2 /* Email */,
				761DDE2B18B21ED000DAFBB5 /* ControllerNewAccount */,
				761B70DB18ABA19800545C6A /* ControllerAccountModule */,
				761B70CA18AB895400545C6A /* Delegate */,
				761B70C918AB893400545C6A /* ControllerLogIn */,
				761B709218AB83A400545C6A /* AppFitness */,
				761B70AF18AB83A400545C6A /* AppFitnessTests */,
				761B708918AB83A400545C6A /* Frameworks */,
				761B708818AB83A400545C6A /* Products */,
			);
			sourceTree = "<group>";
		};
		761B708818AB83A400545C6A /* Products */ = {
			isa = PBXGroup;
			children = (
				761B708718AB83A400545C6A /* AppFitness.app */,
				761B70A718AB83A400545C6A /* AppFitnessTests.xctest */,
			);
			name = Products;
			sourceTree = "<group>";
		};
		761B708918AB83A400545C6A /* Frameworks */ = {
			isa = PBXGroup;
			children = (
				7605E6631919640F0013CD87 /* StoreKit.framework */,
				7605E661191964050013CD87 /* Security.framework */,
				7605E65F191963E40013CD87 /* CoreLocation.framework */,
				7605E65D191963D00013CD87 /* AudioToolbox.framework */,
				76E84733190A42DA009AFC2D /* libz.dylib */,
				7605E65B191963850013CD87 /* Parse.framework */,
				76FA11FF19093BAB005F59DF /* SystemConfiguration.framework */,
				76FA11FD19093B8A005F59DF /* MobileCoreServices.framework */,
				76DB41F318FC1588009FCDB1 /* CFNetwork.framework */,
				7633DF8218F6AB910081DA63 /* QuartzCore.framework */,
				7651D75918DADF6000CE9CE2 /* MessageUI.framework */,
				7651D75718DADF1D00CE9CE2 /* CoreBluetooth.framework */,
				761B708A18AB83A400545C6A /* Foundation.framework */,
				761B708C18AB83A400545C6A /* CoreGraphics.framework */,
				761B708E18AB83A400545C6A /* UIKit.framework */,
				761B709018AB83A400545C6A /* CoreData.framework */,
				761B70A818AB83A400545C6A /* XCTest.framework */,
			);
			name = Frameworks;
			sourceTree = "<group>";
		};
		761B709218AB83A400545C6A /* AppFitness */ = {
			isa = PBXGroup;
			children = (
				7695CD2918F56FE000169CF9 /* AppFitness.xcdatamodeld */,
				761B70A118AB83A400545C6A /* Images.xcassets */,
				761B709318AB83A400545C6A /* Supporting Files */,
			);
			path = AppFitness;
			sourceTree = "<group>";
		};
		761B709318AB83A400545C6A /* Supporting Files */ = {
			isa = PBXGroup;
			children = (
				7600C03E18EE9EE900101286 /* bg_01.jpg */,
				7600C03F18EE9EE900101286 /* bg_02.jpg */,
				7600C04018EE9EE900101286 /* bg_03.jpg */,
				7600C04118EE9EE900101286 /* bg_04.jpg */,
				7600C04218EE9EE900101286 /* bg_05.jpg */,
				7600C04318EE9EE900101286 /* title1@2x.png */,
				7600C04418EE9EE900101286 /* title2@2x.png */,
				7600C04518EE9EE900101286 /* title3@2x.png */,
				7600C04618EE9EE900101286 /* title4@2x.png */,
				7600C04718EE9EE900101286 /* title5@2x.png */,
				7652BCB618B0EB070011638F /* rsz_11rsz_logofitness.png */,
				7652BCB418B0EA420011638F /* rsz_1rsz_logofitness.png */,
				761B70D418AB983200545C6A /* FitnessLogin.jpg */,
				761B70C518AB88E400545C6A /* 640x1136.png */,
				761B70C618AB88E400545C6A /* Image640x960.png */,
				761B70BF18AB83F500545C6A /* Fitness58x58.png */,
				761B70C018AB83F500545C6A /* Fitness80x80.png */,
				761B70C118AB83F500545C6A /* Fitness120x120.png */,
				761B709418AB83A400545C6A /* AppFitness-Info.plist */,
				761B709518AB83A400545C6A /* InfoPlist.strings */,
				761B709818AB83A400545C6A /* main.m */,
				761B709A18AB83A400545C6A /* AppFitness-Prefix.pch */,
			);
			name = "Supporting Files";
			sourceTree = "<group>";
		};
		761B70AF18AB83A400545C6A /* AppFitnessTests */ = {
			isa = PBXGroup;
			children = (
				761B70B518AB83A400545C6A /* AppFitnessTests.m */,
				761B70B018AB83A400545C6A /* Supporting Files */,
			);
			path = AppFitnessTests;
			sourceTree = "<group>";
		};
		761B70B018AB83A400545C6A /* Supporting Files */ = {
			isa = PBXGroup;
			children = (
				761B70B118AB83A400545C6A /* AppFitnessTests-Info.plist */,
				761B70B218AB83A400545C6A /* InfoPlist.strings */,
			);
			name = "Supporting Files";
			sourceTree = "<group>";
		};
		761B70C918AB893400545C6A /* ControllerLogIn */ = {
			isa = PBXGroup;
			children = (
				761B70CB18AB899D00545C6A /* ViewControllerScreen1.h */,
				761B70CC18AB899D00545C6A /* ViewControllerScreen1.m */,
				761B70CD18AB899D00545C6A /* ViewControllerScreen1.xib */,
			);
			name = ControllerLogIn;
			sourceTree = "<group>";
		};
		761B70CA18AB895400545C6A /* Delegate */ = {
			isa = PBXGroup;
			children = (
				761B709B18AB83A400545C6A /* AppDelegate.h */,
				761B709C18AB83A400545C6A /* AppDelegate.m */,
			);
			name = Delegate;
			sourceTree = "<group>";
		};
		761B70DB18ABA19800545C6A /* ControllerAccountModule */ = {
			isa = PBXGroup;
			children = (
				76D60716191664A4005904B6 /* Foto */,
				761B70D618ABA19200545C6A /* ViewControllerModule.h */,
				761B70D718ABA19200545C6A /* ViewControllerModule.m */,
				761B70D818ABA19200545C6A /* ViewControllerModule.xib */,
			);
			name = ControllerAccountModule;
			sourceTree = "<group>";
		};
		761DDE2B18B21ED000DAFBB5 /* ControllerNewAccount */ = {
			isa = PBXGroup;
			children = (
				761DDE2C18B21F1600DAFBB5 /* ViewControllerNewAccount.h */,
				761DDE2D18B21F1600DAFBB5 /* ViewControllerNewAccount.m */,
				761DDE2E18B21F1600DAFBB5 /* ViewControllerNewAccount.xib */,
				761DDE3718B22B9100DAFBB5 /* User.h */,
				761DDE3818B22B9100DAFBB5 /* User.m */,
			);
			name = ControllerNewAccount;
			sourceTree = "<group>";
		};
		7650AE9518F425960022F153 /* Description */ = {
			isa = PBXGroup;
			children = (
				7650AE9618F425B10022F153 /* ViewControllerDescription.h */,
				7650AE9718F425B10022F153 /* ViewControllerDescription.m */,
				7650AE9818F425B10022F153 /* ViewControllerDescription.xib */,
			);
			name = Description;
			sourceTree = "<group>";
		};
		7651D75B18DAEBA600CE9CE2 /* Email */ = {
			isa = PBXGroup;
			children = (
				7651D75C18DAEBCF00CE9CE2 /* ValidateEmail.h */,
				7651D75D18DAEBCF00CE9CE2 /* ValidateEmail.m */,
			);
			name = Email;
			sourceTree = "<group>";
		};
		76B09CDD1924DEFC00DB25C0 /* ProgressHud */ = {
			isa = PBXGroup;
			children = (
				76B09CDE1924DF1D00DB25C0 /* MBProgressHUD.h */,
				76B09CDF1924DF1D00DB25C0 /* MBProgressHUD.m */,
			);
			name = ProgressHud;
			sourceTree = "<group>";
		};
		76D60716191664A4005904B6 /* Foto */ = {
			isa = PBXGroup;
			children = (
				76D60717191664E0005904B6 /* IMViewWithBorderedImage.h */,
				76D60718191664E0005904B6 /* IMViewWithBorderedImage.m */,
				76D60719191664E0005904B6 /* IMViewController.h */,
				76D6071A191664E0005904B6 /* IMViewController.m */,
				76D6071B191664E0005904B6 /* IMColorTableViewController.h */,
				76D6071C191664E0005904B6 /* IMColorTableViewController.m */,
				76D6071D191664E0005904B6 /* IMContentModeTableViewController.h */,
				76D6071E191664E0005904B6 /* IMContentModeTableViewController.m */,
				76D6071F191664E0005904B6 /* IMViewController_iPhone.xib */,
				76D60720191664E0005904B6 /* IMViewWithBorderedImage-Prefix.pch */,
			);
			name = Foto;
			sourceTree = "<group>";
		};
		76D632BA1911223F00514D62 /* imageExercises */ = {
			isa = PBXGroup;
			children = (
				76D632BF1911249200514D62 /* LegRaise.jpg */,
				76D632BD191123E800514D62 /* CrossBodyCrunch.jpg */,
				76D632BB1911232100514D62 /* BentKneeHipRaise.jpg */,
			);
			name = imageExercises;
			sourceTree = "<group>";
		};
		76DB417A18FBD814009FCDB1 /* imageApp */ = {
			isa = PBXGroup;
			children = (
				76E066EA193A09640049A472 /* background@2x.jpg */,
				76FB612F191511E70053F7FC /* 1003.jpg */,
				76FB6131191511F80053F7FC /* 1004.jpg */,
				76FB612D191511D40053F7FC /* 1002.jpg */,
				76FB612B191511BD0053F7FC /* 1001.jpg */,
				76FB6129191511680053F7FC /* 56.png */,
				76FB6127191511510053F7FC /* 55.png */,
				76D632BA1911223F00514D62 /* imageExercises */,
				76C5FD2B190C3CCF00998CF0 /* main_background_dark.png */,
				76313A7118D9B645008150D8 /* Default-568h@2x.png */,
				76FA102519091F7D005F59DF /* checklist-32.png */,
				76FA102719091FE8005F59DF /* today-32.png */,
				760237671935269F008C19A9 /* exercise-32.png */,
				76FA102319090898005F59DF /* delete-32.png */,
				76FA101F19090814005F59DF /* trash-36.png */,
				76FA102119090838005F59DF /* trash-32.png */,
				76A657D01907CB1900CA112A /* multiple_input-32.png */,
				7650AE9318F423690022F153 /* rsz_abdomen.png */,
				76DB418518FBF58B009FCDB1 /* message_outline-32.png */,
				76DB419118FC0A77009FCDB1 /* lock-64.png */,
				76DB419318FC0AB8009FCDB1 /* right_circular-64.png */,
				76DB418B18FC0065009FCDB1 /* Bookworm.png */,
				76DB419518FC0AD7009FCDB1 /* right_circular-48.png */,
				7636B86F18F2CA0B00D1EA99 /* rsz_musclemanrunning.png */,
				76DB418D18FC00EC009FCDB1 /* ghback.png */,
				76DB417B18FBF17F009FCDB1 /* login.png */,
				76DB418918FBFA5E009FCDB1 /* background.png */,
				76DB418718FBF5FF009FCDB1 /* lock-32.png */,
				76139AC218F8245200653A75 /* screenshot-32.png */,
				76139AC018F823BA00653A75 /* weightlift-32.png */,
				76139ABE18F81B2300653A75 /* combo-32.png */,
				76139AC418F8296E00653A75 /* scale-32.png */,
				76139AC618F829E200653A75 /* email-32.png */,
				76139AC818F82A3300653A75 /* save-32.png */,
				76139AD018F82AD900653A75 /* left_round-32.png */,
				76139ACE18F82AC500653A75 /* right_round-32.png */,
				76139ACC18F82A8900653A75 /* facebook-32.png */,
				76139ACA18F82A5900653A75 /* cancel-32.png */,
				76139ABA18F81A3100653A75 /* calendar-36.png */,
			);
			name = imageApp;
			sourceTree = "<group>";
		};
		76E84735190A6EF0009AFC2D /* Program */ = {
			isa = PBXGroup;
			children = (
				76F996D3190D387F007FA64D /* Description */,
				76E84736190A6F40009AFC2D /* Training.h */,
				76E84737190A6F40009AFC2D /* Training.m */,
			);
			name = Program;
			sourceTree = "<group>";
		};
		76F599331928C3F5005167E9 /* Sound */ = {
			isa = PBXGroup;
			children = (
				76F599361928C40B005167E9 /* SecondBeep.wav */,
				76F599341928C401005167E9 /* ButtonTap.wav */,
			);
			name = Sound;
			sourceTree = "<group>";
		};
		76F996D3190D387F007FA64D /* Description */ = {
			isa = PBXGroup;
			children = (
				76F996D4190D38B0007FA64D /* Description.h */,
			);
			name = Description;
			sourceTree = "<group>";
		};
/* End PBXGroup section */

/* Begin PBXNativeTarget section */
		761B708618AB83A400545C6A /* AppFitness */ = {
			isa = PBXNativeTarget;
			buildConfigurationList = 761B70B918AB83A400545C6A /* Build configuration list for PBXNativeTarget "AppFitness" */;
			buildPhases = (
				761B708318AB83A400545C6A /* Sources */,
				761B708418AB83A400545C6A /* Frameworks */,
				761B708518AB83A400545C6A /* Resources */,
			);
			buildRules = (
			);
			dependencies = (
			);
			name = AppFitness;
			productName = AppFitness;
			productReference = 761B708718AB83A400545C6A /* AppFitness.app */;
			productType = "com.apple.product-type.application";
		};
		761B70A618AB83A400545C6A /* AppFitnessTests */ = {
			isa = PBXNativeTarget;
			buildConfigurationList = 761B70BC18AB83A400545C6A /* Build configuration list for PBXNativeTarget "AppFitnessTests" */;
			buildPhases = (
				761B70A318AB83A400545C6A /* Sources */,
				761B70A418AB83A400545C6A /* Frameworks */,
				761B70A518AB83A400545C6A /* Resources */,
			);
			buildRules = (
			);
			dependencies = (
				761B70AE18AB83A400545C6A /* PBXTargetDependency */,
			);
			name = AppFitnessTests;
			productName = AppFitnessTests;
			productReference = 761B70A718AB83A400545C6A /* AppFitnessTests.xctest */;
			productType = "com.apple.product-type.bundle.unit-test";
		};
/* End PBXNativeTarget section */

/* Begin PBXProject section */
		761B707F18AB83A400545C6A /* Project object */ = {
			isa = PBXProject;
			attributes = {
				LastUpgradeCheck = 0510;
				ORGANIZATIONNAME = Licenta;
				TargetAttributes = {
					761B708618AB83A400545C6A = {
						DevelopmentTeam = E579XBAZ6N;
					};
					761B70A618AB83A400545C6A = {
						TestTargetID = 761B708618AB83A400545C6A;
					};
				};
			};
			buildConfigurationList = 761B708218AB83A400545C6A /* Build configuration list for PBXProject "AppFitness" */;
			compatibilityVersion = "Xcode 3.2";
			developmentRegion = English;
			hasScannedForEncodings = 0;
			knownRegions = (
				en,
				English,
			);
			mainGroup = 761B707E18AB83A400545C6A;
			productRefGroup = 761B708818AB83A400545C6A /* Products */;
			projectDirPath = "";
			projectRoot = "";
			targets = (
				761B708618AB83A400545C6A /* AppFitness */,
				761B70A618AB83A400545C6A /* AppFitnessTests */,
			);
		};
/* End PBXProject section */

/* Begin PBXResourcesBuildPhase section */
		761B708518AB83A400545C6A /* Resources */ = {
			isa = PBXResourcesBuildPhase;
			buildActionMask = 2147483647;
			files = (
				76FB612A191511680053F7FC /* 56.png in Resources */,
				7600C04C18EE9EE900101286 /* bg_05.jpg in Resources */,
				76E066EB193A09640049A472 /* background@2x.jpg in Resources */,
				76DB419418FC0AB8009FCDB1 /* right_circular-64.png in Resources */,
				76D632C01911249200514D62 /* LegRaise.jpg in Resources */,
				76D632BC1911232100514D62 /* BentKneeHipRaise.jpg in Resources */,
				76139AC918F82A3300653A75 /* save-32.png in Resources */,
				7600C04B18EE9EE900101286 /* bg_04.jpg in Resources */,
				7636B87018F2CA0B00D1EA99 /* rsz_musclemanrunning.png in Resources */,
				76A657D11907CB1900CA112A /* multiple_input-32.png in Resources */,
				7600C04E18EE9EE900101286 /* title2@2x.png in Resources */,
				7600C04918EE9EE900101286 /* bg_02.jpg in Resources */,
				76FB612E191511D40053F7FC /* 1002.jpg in Resources */,
				7600C05018EE9EE900101286 /* title4@2x.png in Resources */,
				76D60725191664E0005904B6 /* IMViewController_iPhone.xib in Resources */,
				76DB418618FBF58B009FCDB1 /* message_outline-32.png in Resources */,
				76139A9F18F8085200653A75 /* ViewControllerCalendar.xib in Resources */,
				76DB417C18FBF17F009FCDB1 /* login.png in Resources */,
				761B70C818AB88E400545C6A /* Image640x960.png in Resources */,
				761B70C718AB88E400545C6A /* 640x1136.png in Resources */,
				76139AC318F8245200653A75 /* screenshot-32.png in Resources */,
				76139ABF18F81B2300653A75 /* combo-32.png in Resources */,
				76139AB218F814D600653A75 /* ViewControllerChart.xib in Resources */,
				76139ACB18F82A5900653A75 /* cancel-32.png in Resources */,
				76139AD118F82AD900653A75 /* left_round-32.png in Resources */,
				76FB6130191511E70053F7FC /* 1003.jpg in Resources */,
				7602376E19352BAA008C19A9 /* ViewControllerMyPrograms.xib in Resources */,
				76139ACD18F82A8900653A75 /* facebook-32.png in Resources */,
				7650AE9418F423690022F153 /* rsz_abdomen.png in Resources */,
				76FA102419090898005F59DF /* delete-32.png in Resources */,
				761B70CF18AB899D00545C6A /* ViewControllerScreen1.xib in Resources */,
				761DDE3018B21F1600DAFBB5 /* ViewControllerNewAccount.xib in Resources */,
				76FA102219090838005F59DF /* trash-32.png in Resources */,
				76139AC718F829E200653A75 /* email-32.png in Resources */,
				76139ACF18F82AC500653A75 /* right_round-32.png in Resources */,
				7652BCB718B0EB070011638F /* rsz_11rsz_logofitness.png in Resources */,
				76DB418C18FC0065009FCDB1 /* Bookworm.png in Resources */,
				76D632BE191123E800514D62 /* CrossBodyCrunch.jpg in Resources */,
				76C5FD2C190C3CCF00998CF0 /* main_background_dark.png in Resources */,
				7600C04D18EE9EE900101286 /* title1@2x.png in Resources */,
				76FB6128191511510053F7FC /* 55.png in Resources */,
				761B70C218AB83F500545C6A /* Fitness58x58.png in Resources */,
				761B70C418AB83F500545C6A /* Fitness120x120.png in Resources */,
				76F599371928C40B005167E9 /* SecondBeep.wav in Resources */,
				76139ABB18F81A3100653A75 /* calendar-36.png in Resources */,
				76313A7218D9B645008150D8 /* Default-568h@2x.png in Resources */,
				76139AC118F823BA00653A75 /* weightlift-32.png in Resources */,
				760237681935269F008C19A9 /* exercise-32.png in Resources */,
				76DB418818FBF5FF009FCDB1 /* lock-32.png in Resources */,
				7600C04F18EE9EE900101286 /* title3@2x.png in Resources */,
				7600C04A18EE9EE900101286 /* bg_03.jpg in Resources */,
				761B70DA18ABA19200545C6A /* ViewControllerModule.xib in Resources */,
				761B709718AB83A400545C6A /* InfoPlist.strings in Resources */,
				7600C04818EE9EE900101286 /* bg_01.jpg in Resources */,
				7652BCB518B0EA420011638F /* rsz_1rsz_logofitness.png in Resources */,
				76139AC518F8296E00653A75 /* scale-32.png in Resources */,
				76FA102819091FE8005F59DF /* today-32.png in Resources */,
				76D632B9191121CF00514D62 /* 2338.jpg in Resources */,
				76F599351928C401005167E9 /* ButtonTap.wav in Resources */,
				76FB612C191511BD0053F7FC /* 1001.jpg in Resources */,
				76043C3D1930AA390099DCFF /* ViewControllerCalories.xib in Resources */,
				761B70D518AB983200545C6A /* FitnessLogin.jpg in Resources */,
				76FA102019090814005F59DF /* trash-36.png in Resources */,
				761B70A218AB83A400545C6A /* Images.xcassets in Resources */,
				76DB419618FC0AD7009FCDB1 /* right_circular-48.png in Resources */,
				761B70C318AB83F500545C6A /* Fitness80x80.png in Resources */,
				7600C05118EE9EE900101286 /* title5@2x.png in Resources */,
				76FB6132191511F80053F7FC /* 1004.jpg in Resources */,
				7600C05B18EEA6AD00101286 /* ViewControllerMuscle.xib in Resources */,
				76DB418E18FC00EC009FCDB1 /* ghback.png in Resources */,
				7650AE9A18F425B10022F153 /* ViewControllerDescription.xib in Resources */,
				76DB419218FC0A77009FCDB1 /* lock-64.png in Resources */,
				76DB418A18FBFA5E009FCDB1 /* background.png in Resources */,
				76FA102619091F7D005F59DF /* checklist-32.png in Resources */,
			);
			runOnlyForDeploymentPostprocessing = 0;
		};
		761B70A518AB83A400545C6A /* Resources */ = {
			isa = PBXResourcesBuildPhase;
			buildActionMask = 2147483647;
			files = (
				761B70B418AB83A400545C6A /* InfoPlist.strings in Resources */,
			);
			runOnlyForDeploymentPostprocessing = 0;
		};
/* End PBXResourcesBuildPhase section */

/* Begin PBXSourcesBuildPhase section */
		761B708318AB83A400545C6A /* Sources */ = {
			isa = PBXSourcesBuildPhase;
			buildActionMask = 2147483647;
			files = (
				76DE164819363E04001CDF38 /* Reachability.m in Sources */,
				76D60723191664E0005904B6 /* IMColorTableViewController.m in Sources */,
				7695CD2B18F56FE000169CF9 /* AppFitness.xcdatamodeld in Sources */,
				76D60722191664E0005904B6 /* IMViewController.m in Sources */,
				761DDE3918B22B9100DAFBB5 /* User.m in Sources */,
				761B709D18AB83A400545C6A /* AppDelegate.m in Sources */,
				76139AB118F814D600653A75 /* ViewControllerChart.m in Sources */,
				76139A9818F7F9CD00653A75 /* NVCalendar.m in Sources */,
				761B70CE18AB899D00545C6A /* ViewControllerScreen1.m in Sources */,
				76D60724191664E0005904B6 /* IMContentModeTableViewController.m in Sources */,
				7651D75E18DAEBCF00CE9CE2 /* ValidateEmail.m in Sources */,
				761DDE2F18B21F1600DAFBB5 /* ViewControllerNewAccount.m in Sources */,
				76E84738190A6F40009AFC2D /* Training.m in Sources */,
				76139AB918F8160000653A75 /* NSMutableArray+TTMutableArray.m in Sources */,
				76043C3C1930AA390099DCFF /* ViewControllerCalories.m in Sources */,
				7602376D19352BAA008C19A9 /* ViewControllerMyPrograms.m in Sources */,
				7650AE9918F425B10022F153 /* ViewControllerDescription.m in Sources */,
				76043C401930D7F90099DCFF /* Calories.m in Sources */,
				761B70D918ABA19200545C6A /* ViewControllerModule.m in Sources */,
				7600C05A18EEA6AD00101286 /* ViewControllerMuscle.m in Sources */,
				76139AB518F8155900653A75 /* SimpleBarChart.m in Sources */,
				76B09CE01924DF1D00DB25C0 /* MBProgressHUD.m in Sources */,
				76D60721191664E0005904B6 /* IMViewWithBorderedImage.m in Sources */,
				760CF70F18EAABDA00875CBF /* MLAlertView.m in Sources */,
				76139A9E18F8085200653A75 /* ViewControllerCalendar.m in Sources */,
				76E066EE193A0A2B0049A472 /* ABFullScrollViewController.m in Sources */,
				761B709918AB83A400545C6A /* main.m in Sources */,
			);
			runOnlyForDeploymentPostprocessing = 0;
		};
		761B70A318AB83A400545C6A /* Sources */ = {
			isa = PBXSourcesBuildPhase;
			buildActionMask = 2147483647;
			files = (
				761B70B618AB83A400545C6A /* AppFitnessTests.m in Sources */,
			);
			runOnlyForDeploymentPostprocessing = 0;
		};
/* End PBXSourcesBuildPhase section */

/* Begin PBXTargetDependency section */
		761B70AE18AB83A400545C6A /* PBXTargetDependency */ = {
			isa = PBXTargetDependency;
			target = 761B708618AB83A400545C6A /* AppFitness */;
			targetProxy = 761B70AD18AB83A400545C6A /* PBXContainerItemProxy */;
		};
/* End PBXTargetDependency section */

/* Begin PBXVariantGroup section */
		761B709518AB83A400545C6A /* InfoPlist.strings */ = {
			isa = PBXVariantGroup;
			children = (
				761B709618AB83A400545C6A /* en */,
			);
			name = InfoPlist.strings;
			sourceTree = "<group>";
		};
		761B70B218AB83A400545C6A /* InfoPlist.strings */ = {
			isa = PBXVariantGroup;
			children = (
				761B70B318AB83A400545C6A /* en */,
			);
			name = InfoPlist.strings;
			sourceTree = "<group>";
		};
/* End PBXVariantGroup section */

/* Begin XCBuildConfiguration section */
		761B70B718AB83A400545C6A /* Debug */ = {
			isa = XCBuildConfiguration;
			buildSettings = {
				ALWAYS_SEARCH_USER_PATHS = NO;
				CLANG_CXX_LANGUAGE_STANDARD = "gnu++0x";
				CLANG_CXX_LIBRARY = "libc++";
				CLANG_ENABLE_MODULES = YES;
				CLANG_ENABLE_OBJC_ARC = YES;
				CLANG_WARN_BOOL_CONVERSION = YES;
				CLANG_WARN_CONSTANT_CONVERSION = YES;
				CLANG_WARN_DIRECT_OBJC_ISA_USAGE = YES_ERROR;
				CLANG_WARN_EMPTY_BODY = YES;
				CLANG_WARN_ENUM_CONVERSION = YES;
				CLANG_WARN_INT_CONVERSION = YES;
				CLANG_WARN_OBJC_ROOT_CLASS = YES_ERROR;
				CLANG_WARN__DUPLICATE_METHOD_MATCH = YES;
				"CODE_SIGN_IDENTITY[sdk=iphoneos*]" = "iPhone Developer";
				COPY_PHASE_STRIP = NO;
				GCC_C_LANGUAGE_STANDARD = gnu99;
				GCC_DYNAMIC_NO_PIC = NO;
				GCC_OPTIMIZATION_LEVEL = 0;
				GCC_PREPROCESSOR_DEFINITIONS = (
					"DEBUG=1",
					"$(inherited)",
				);
				GCC_SYMBOLS_PRIVATE_EXTERN = NO;
				GCC_WARN_64_TO_32_BIT_CONVERSION = YES;
				GCC_WARN_ABOUT_RETURN_TYPE = YES_ERROR;
				GCC_WARN_UNDECLARED_SELECTOR = YES;
				GCC_WARN_UNINITIALIZED_AUTOS = YES;
				GCC_WARN_UNUSED_FUNCTION = YES;
				GCC_WARN_UNUSED_VARIABLE = YES;
				IPHONEOS_DEPLOYMENT_TARGET = 7.0;
				ONLY_ACTIVE_ARCH = YES;
				SDKROOT = iphoneos;
			};
			name = Debug;
		};
		761B70B818AB83A400545C6A /* Release */ = {
			isa = XCBuildConfiguration;
			buildSettings = {
				ALWAYS_SEARCH_USER_PATHS = NO;
				CLANG_CXX_LANGUAGE_STANDARD = "gnu++0x";
				CLANG_CXX_LIBRARY = "libc++";
				CLANG_ENABLE_MODULES = YES;
				CLANG_ENABLE_OBJC_ARC = YES;
				CLANG_WARN_BOOL_CONVERSION = YES;
				CLANG_WARN_CONSTANT_CONVERSION = YES;
				CLANG_WARN_DIRECT_OBJC_ISA_USAGE = YES_ERROR;
				CLANG_WARN_EMPTY_BODY = YES;
				CLANG_WARN_ENUM_CONVERSION = YES;
				CLANG_WARN_INT_CONVERSION = YES;
				CLANG_WARN_OBJC_ROOT_CLASS = YES_ERROR;
				CLANG_WARN__DUPLICATE_METHOD_MATCH = YES;
				"CODE_SIGN_IDENTITY[sdk=iphoneos*]" = "iPhone Developer";
				COPY_PHASE_STRIP = YES;
				ENABLE_NS_ASSERTIONS = NO;
				GCC_C_LANGUAGE_STANDARD = gnu99;
				GCC_WARN_64_TO_32_BIT_CONVERSION = YES;
				GCC_WARN_ABOUT_RETURN_TYPE = YES_ERROR;
				GCC_WARN_UNDECLARED_SELECTOR = YES;
				GCC_WARN_UNINITIALIZED_AUTOS = YES;
				GCC_WARN_UNUSED_FUNCTION = YES;
				GCC_WARN_UNUSED_VARIABLE = YES;
				IPHONEOS_DEPLOYMENT_TARGET = 7.0;
				SDKROOT = iphoneos;
				VALIDATE_PRODUCT = YES;
			};
			name = Release;
		};
		761B70BA18AB83A400545C6A /* Debug */ = {
			isa = XCBuildConfiguration;
			buildSettings = {
				CODE_SIGN_IDENTITY = "iPhone Developer";
				"CODE_SIGN_IDENTITY[sdk=iphoneos*]" = "iPhone Developer";
				FRAMEWORK_SEARCH_PATHS = (
					"$(inherited)",
					"$(DEVELOPER_FRAMEWORKS_DIR)",
					"$(PROJECT_DIR)",
				);
				GCC_PRECOMPILE_PREFIX_HEADER = YES;
				GCC_PREFIX_HEADER = "AppFitness/AppFitness-Prefix.pch";
				INFOPLIST_FILE = "AppFitness/AppFitness-Info.plist";
				LIBRARY_SEARCH_PATHS = (
					"$(inherited)",
					/Users/andreivig/Downloads,
					"$(PROJECT_DIR)",
				);
				PRODUCT_NAME = "$(TARGET_NAME)";
				PROVISIONING_PROFILE = "";
				WRAPPER_EXTENSION = app;
			};
			name = Debug;
		};
		761B70BB18AB83A400545C6A /* Release */ = {
			isa = XCBuildConfiguration;
			buildSettings = {
				CODE_SIGN_IDENTITY = "iPhone Developer";
				"CODE_SIGN_IDENTITY[sdk=iphoneos*]" = "iPhone Developer";
				FRAMEWORK_SEARCH_PATHS = (
					"$(inherited)",
					"$(DEVELOPER_FRAMEWORKS_DIR)",
					"$(PROJECT_DIR)",
				);
				GCC_PRECOMPILE_PREFIX_HEADER = YES;
				GCC_PREFIX_HEADER = "AppFitness/AppFitness-Prefix.pch";
				INFOPLIST_FILE = "AppFitness/AppFitness-Info.plist";
				LIBRARY_SEARCH_PATHS = (
					"$(inherited)",
					/Users/andreivig/Downloads,
					"$(PROJECT_DIR)",
				);
				PRODUCT_NAME = "$(TARGET_NAME)";
				PROVISIONING_PROFILE = "";
				WRAPPER_EXTENSION = app;
			};
			name = Release;
		};
		761B70BD18AB83A400545C6A /* Debug */ = {
			isa = XCBuildConfiguration;
			buildSettings = {
				BUNDLE_LOADER = "$(BUILT_PRODUCTS_DIR)/AppFitness.app/AppFitness";
				FRAMEWORK_SEARCH_PATHS = (
					"$(SDKROOT)/Developer/Library/Frameworks",
					"$(inherited)",
					"$(DEVELOPER_FRAMEWORKS_DIR)",
				);
				GCC_PRECOMPILE_PREFIX_HEADER = YES;
				GCC_PREFIX_HEADER = "AppFitness/AppFitness-Prefix.pch";
				GCC_PREPROCESSOR_DEFINITIONS = (
					"DEBUG=1",
					"$(inherited)",
				);
				INFOPLIST_FILE = "AppFitnessTests/AppFitnessTests-Info.plist";
				PRODUCT_NAME = "$(TARGET_NAME)";
				TEST_HOST = "$(BUNDLE_LOADER)";
				WRAPPER_EXTENSION = xctest;
			};
			name = Debug;
		};
		761B70BE18AB83A400545C6A /* Release */ = {
			isa = XCBuildConfiguration;
			buildSettings = {
				BUNDLE_LOADER = "$(BUILT_PRODUCTS_DIR)/AppFitness.app/AppFitness";
				FRAMEWORK_SEARCH_PATHS = (
					"$(SDKROOT)/Developer/Library/Frameworks",
					"$(inherited)",
					"$(DEVELOPER_FRAMEWORKS_DIR)",
				);
				GCC_PRECOMPILE_PREFIX_HEADER = YES;
				GCC_PREFIX_HEADER = "AppFitness/AppFitness-Prefix.pch";
				INFOPLIST_FILE = "AppFitnessTests/AppFitnessTests-Info.plist";
				PRODUCT_NAME = "$(TARGET_NAME)";
				TEST_HOST = "$(BUNDLE_LOADER)";
				WRAPPER_EXTENSION = xctest;
			};
			name = Release;
		};
/* End XCBuildConfiguration section */

/* Begin XCConfigurationList section */
		761B708218AB83A400545C6A /* Build configuration list for PBXProject "AppFitness" */ = {
			isa = XCConfigurationList;
			buildConfigurations = (
				761B70B718AB83A400545C6A /* Debug */,
				761B70B818AB83A400545C6A /* Release */,
			);
			defaultConfigurationIsVisible = 0;
			defaultConfigurationName = Release;
		};
		761B70B918AB83A400545C6A /* Build configuration list for PBXNativeTarget "AppFitness" */ = {
			isa = XCConfigurationList;
			buildConfigurations = (
				761B70BA18AB83A400545C6A /* Debug */,
				761B70BB18AB83A400545C6A /* Release */,
			);
			defaultConfigurationIsVisible = 0;
			defaultConfigurationName = Release;
		};
		761B70BC18AB83A400545C6A /* Build configuration list for PBXNativeTarget "AppFitnessTests" */ = {
			isa = XCConfigurationList;
			buildConfigurations = (
				761B70BD18AB83A400545C6A /* Debug */,
				761B70BE18AB83A400545C6A /* Release */,
			);
			defaultConfigurationIsVisible = 0;
			defaultConfigurationName = Release;
		};
/* End XCConfigurationList section */

/* Begin XCVersionGroup section */
		7695CD2918F56FE000169CF9 /* AppFitness.xcdatamodeld */ = {
			isa = XCVersionGroup;
			children = (
				7695CD2A18F56FE000169CF9 /* AppFitness.xcdatamodel */,
			);
			currentVersion = 7695CD2A18F56FE000169CF9 /* AppFitness.xcdatamodel */;
			path = AppFitness.xcdatamodeld;
			sourceTree = "<group>";
			versionGroupType = wrapper.xcdatamodel;
		};
/* End XCVersionGroup section */
	};
	rootObject = 761B707F18AB83A400545C6A /* Project object */;
}
